
Microsoft Visual Studio Solution File, Format Version 12.00
# Visual Studio Version 17
VisualStudioVersion = 17.10.35027.167
MinimumVisualStudioVersion = 10.0.40219.1
Project("{9A19103F-16F7-4668-BE54-9A1E7A4F7556}") = "AcmeCaPlugin", "AcmeCaPlugin\AcmeCaPlugin.csproj", "{011DC646-BEF9-4D3B-9D20-CA444A26B355}"
EndProject
Project("{9A19103F-16F7-4668-BE54-9A1E7A4F7556}") = "TestProgram", "TestProgram\TestProgram.csproj", "{F45D27E5-26B8-435B-AC49-5A119094BFD3}"
EndProject
Global
	GlobalSection(SolutionConfigurationPlatforms) = preSolution
		Debug|Any CPU = Debug|Any CPU
		Prerelease|Any CPU = Prerelease|Any CPU
		Release|Any CPU = Release|Any CPU
	EndGlobalSection
	GlobalSection(ProjectConfigurationPlatforms) = postSolution
		{011DC646-BEF9-4D3B-9D20-CA444A26B355}.Debug|Any CPU.ActiveCfg = Debug|Any CPU
		{011DC646-BEF9-4D3B-9D20-CA444A26B355}.Debug|Any CPU.Build.0 = Debug|Any CPU
		{011DC646-BEF9-4D3B-9D20-CA444A26B355}.Prerelease|Any CPU.ActiveCfg = Release|Any CPU
		{011DC646-BEF9-4D3B-9D20-CA444A26B355}.Prerelease|Any CPU.Build.0 = Release|Any CPU
		{011DC646-BEF9-4D3B-9D20-CA444A26B355}.Release|Any CPU.ActiveCfg = Release|Any CPU
		{011DC646-BEF9-4D3B-9D20-CA444A26B355}.Release|Any CPU.Build.0 = Release|Any CPU
		{F45D27E5-26B8-435B-AC49-5A119094BFD3}.Debug|Any CPU.ActiveCfg = Debug|Any CPU
		{F45D27E5-26B8-435B-AC49-5A119094BFD3}.Debug|Any CPU.Build.0 = Debug|Any CPU
		{F45D27E5-26B8-435B-AC49-5A119094BFD3}.Prerelease|Any CPU.ActiveCfg = Debug|Any CPU
		{F45D27E5-26B8-435B-AC49-5A119094BFD3}.Prerelease|Any CPU.Build.0 = Debug|Any CPU
		{F45D27E5-26B8-435B-AC49-5A119094BFD3}.Release|Any CPU.ActiveCfg = Release|Any CPU
		{F45D27E5-26B8-435B-AC49-5A119094BFD3}.Release|Any CPU.Build.0 = Release|Any CPU
	EndGlobalSection
	GlobalSection(SolutionProperties) = preSolution
		HideSolutionNode = FALSE
	EndGlobalSection
	GlobalSection(ExtensibilityGlobals) = postSolution
		SolutionGuid = {0E1B1C00-FE0C-4138-85D7-51AA99D8745F}
	EndGlobalSection
EndGlobal
